# This file is automatically @generated by Cargo.
# It is not intended for manual editing.
version = 3

[[package]]
name = "block"
version = "0.1.6"
source = "registry+https://github.com/rust-lang/crates.io-index"
checksum = "0d8c1fef690941d3e7788d328517591fecc684c084084702d6ff1641e993699a"

[[package]]
name = "core-foundation"
version = "0.9.3"
source = "registry+https://github.com/rust-lang/crates.io-index"
checksum = "194a7a9e6de53fa55116934067c844d9d749312f75c6f6d0980e8c252f8c2146"
dependencies = [
 "core-foundation-sys",
 "libc",
]

[[package]]
name = "core-foundation-sys"
version = "0.8.3"
source = "registry+https://github.com/rust-lang/crates.io-index"
checksum = "5827cebf4670468b8772dd191856768aedcb1b0278a04f989f7766351917b9dc"

[[package]]
name = "coremidi"
version = "0.7.0"
source = "registry+https://github.com/rust-lang/crates.io-index"
checksum = "e871f9d188bba3d90cecf78222327ab5d73c4503bf5a5f82c3b520bacb865ff7"
dependencies = [
 "block",
 "core-foundation",
 "core-foundation-sys",
 "coremidi-sys",
]

[[package]]
name = "coremidi-sys"
version = "3.1.0"
source = "registry+https://github.com/rust-lang/crates.io-index"
checksum = "79a6deed0c97b2d40abbab77e4c97f81d71e162600423382c277dd640019116c"
dependencies = [
 "core-foundation-sys",
]

[[package]]
name = "grinstrument"
version = "0.1.0"
dependencies = [
 "coremidi",
]

[[package]]
name = "libc"
version = "0.2.139"
source = "registry+https://github.com/rust-lang/crates.io-index"
checksum = "201de327520df007757c1f0adce6e827fe8562fbc28bfd9c15571c66ca1f5f79"
